
Microsoft Visual Studio Solution File, Format Version 12.00
# Visual Studio 2012
Project("{FAE04EC0-301F-11D3-BF4B-00C04F79EFBC}") = "HashPDF.WinForms", "src\HashPDF.WinForms\HashPDF.WinForms.csproj", "{6B0AF4D9-3D15-4D6D-A0BF-6D32766952A0}"
EndProject
Global
	GlobalSection(SolutionConfigurationPlatforms) = preSolution
		Debug|Any CPU = Debug|Any CPU
		Release|Any CPU = Release|Any CPU
	EndGlobalSection
	GlobalSection(ProjectConfigurationPlatforms) = postSolution
		{6B0AF4D9-3D15-4D6D-A0BF-6D32766952A0}.Debug|Any CPU.ActiveCfg = Debug|Any CPU
		{6B0AF4D9-3D15-4D6D-A0BF-6D32766952A0}.Debug|Any CPU.Build.0 = Debug|Any CPU
		{6B0AF4D9-3D15-4D6D-A0BF-6D32766952A0}.Release|Any CPU.ActiveCfg = Release|Any CPU
		{6B0AF4D9-3D15-4D6D-A0BF-6D32766952A0}.Release|Any CPU.Build.0 = Release|Any CPU
	EndGlobalSection
	GlobalSection(SolutionProperties) = preSolution
		HideSolutionNode = FALSE
	EndGlobalSection
EndGlobal
